
Microsoft Visual Studio Solution File, Format Version 12.00
# Visual Studio Version 16
VisualStudioVersion = 16.0.29409.12
MinimumVisualStudioVersion = 10.0.40219.1
Project("{FAE04EC0-301F-11D3-BF4B-00C04F79EFBC}") = "BingHomeDesktopBackground", "BingHomeDesktopBackground\BingHomeDesktopBackground.csproj", "{0CCCD632-7535-4249-99D6-BA5514F93E6A}"
EndProject
Global
	GlobalSection(SolutionConfigurationPlatforms) = preSolution
		Debug|Any CPU = Debug|Any CPU
		Release|Any CPU = Release|Any CPU
	EndGlobalSection
	GlobalSection(ProjectConfigurationPlatforms) = postSolution
		{0CCCD632-7535-4249-99D6-BA5514F93E6A}.Debug|Any CPU.ActiveCfg = Debug|Any CPU
		{0CCCD632-7535-4249-99D6-BA5514F93E6A}.Debug|Any CPU.Build.0 = Debug|Any CPU
		{0CCCD632-7535-4249-99D6-BA5514F93E6A}.Release|Any CPU.ActiveCfg = Release|Any CPU
		{0CCCD632-7535-4249-99D6-BA5514F93E6A}.Release|Any CPU.Build.0 = Release|Any CPU
	EndGlobalSection
	GlobalSection(SolutionProperties) = preSolution
		HideSolutionNode = FALSE
	EndGlobalSection
	GlobalSection(ExtensibilityGlobals) = postSolution
		SolutionGuid = {2EDD0CEA-AB86-4E72-B2A4-8D72900C9180}
	EndGlobalSection
EndGlobal
